
Microsoft Visual Studio Solution File, Format Version 12.00
# Visual Studio Version 17
VisualStudioVersion = 17.8.34330.188
MinimumVisualStudioVersion = 10.0.40219.1
Project("{FAE04EC0-301F-11D3-BF4B-00C04F79EFBC}") = "Booking-Bus-Ticket", "Booking-Bus-Ticket.csproj", "{FC6E4EC5-CC78-4CE9-B934-E39923D1B7DD}"
EndProject
Global
	GlobalSection(SolutionConfigurationPlatforms) = preSolution
		Debug|Any CPU = Debug|Any CPU
		Release|Any CPU = Release|Any CPU
	EndGlobalSection
	GlobalSection(ProjectConfigurationPlatforms) = postSolution
		{FC6E4EC5-CC78-4CE9-B934-E39923D1B7DD}.Debug|Any CPU.ActiveCfg = Debug|Any CPU
		{FC6E4EC5-CC78-4CE9-B934-E39923D1B7DD}.Debug|Any CPU.Build.0 = Debug|Any CPU
		{FC6E4EC5-CC78-4CE9-B934-E39923D1B7DD}.Release|Any CPU.ActiveCfg = Release|Any CPU
		{FC6E4EC5-CC78-4CE9-B934-E39923D1B7DD}.Release|Any CPU.Build.0 = Release|Any CPU
	EndGlobalSection
	GlobalSection(SolutionProperties) = preSolution
		HideSolutionNode = FALSE
	EndGlobalSection
	GlobalSection(ExtensibilityGlobals) = postSolution
		SolutionGuid = {B5389F2E-2518-4422-B7EC-2CFFCCA446DB}
	EndGlobalSection
EndGlobal
